// !$*UTF8*$!
{
	archiveVersion = 1;
	classes = {
	};
	objectVersion = 50;
	objects = {

/* Begin PBXBuildFile section */
		48421ECA24D28A1000F2C14D /* DetailScoring.swift in Sources */ = {isa = PBXBuildFile; fileRef = 48421EC924D28A1000F2C14D /* DetailScoring.swift */; };
		4842B96C24CA5DCF00238A8D /* Subview.swift in Sources */ = {isa = PBXBuildFile; fileRef = 4842B96B24CA5DCF00238A8D /* Subview.swift */; };
		4842B96E24CA5F2500238A8D /* OnboardingView.swift in Sources */ = {isa = PBXBuildFile; fileRef = 4842B96D24CA5F2500238A8D /* OnboardingView.swift */; };
		4842B97024CA60BE00238A8D /* PageViewController.swift in Sources */ = {isa = PBXBuildFile; fileRef = 4842B96F24CA60BE00238A8D /* PageViewController.swift */; };
		4842B97224CA6CDB00238A8D /* PageControl.swift in Sources */ = {isa = PBXBuildFile; fileRef = 4842B97124CA6CDB00238A8D /* PageControl.swift */; };
		4855FB4D24C6E7690040C09F /* SearchBar.swift in Sources */ = {isa = PBXBuildFile; fileRef = 4855FB4C24C6E7690040C09F /* SearchBar.swift */; };
		487DF24324D1E193006191BC /* DetailStudent.swift in Sources */ = {isa = PBXBuildFile; fileRef = 487DF24224D1E193006191BC /* DetailStudent.swift */; };
		48AF88E324D63C99000547C0 /* ProgressBar.swift in Sources */ = {isa = PBXBuildFile; fileRef = 48AF88E224D63C99000547C0 /* ProgressBar.swift */; };
		48CCC06F24CE8953002A89D5 /* SoundClassification.swift in Sources */ = {isa = PBXBuildFile; fileRef = 48CCC06B24CE8953002A89D5 /* SoundClassification.swift */; };
		48CCC07024CE8953002A89D5 /* MC3-SoundClassifier 2.mlmodel in Sources */ = {isa = PBXBuildFile; fileRef = 48CCC06C24CE8953002A89D5 /* MC3-SoundClassifier 2.mlmodel */; };
		48CCC07124CE8953002A89D5 /* ResultsObserver.swift in Sources */ = {isa = PBXBuildFile; fileRef = 48CCC06D24CE8953002A89D5 /* ResultsObserver.swift */; };
		48CCC07224CE8953002A89D5 /* SoundClassifierDelegate.swift in Sources */ = {isa = PBXBuildFile; fileRef = 48CCC06E24CE8953002A89D5 /* SoundClassifierDelegate.swift */; };
		48CCC07424CE8986002A89D5 /* KuisView.swift in Sources */ = {isa = PBXBuildFile; fileRef = 48CCC07324CE8986002A89D5 /* KuisView.swift */; };
		4B68056C24C8A63B000261E6 /* Murid.swift in Sources */ = {isa = PBXBuildFile; fileRef = 4B68056B24C8A63B000261E6 /* Murid.swift */; };
		4BB7EDD624C93EC6007087CE /* Kuis.swift in Sources */ = {isa = PBXBuildFile; fileRef = 4BB7EDD524C93EC6007087CE /* Kuis.swift */; };
		4BB7EDDA24C95643007087CE /* audioPlayer.swift in Sources */ = {isa = PBXBuildFile; fileRef = 4BB7EDD924C95643007087CE /* audioPlayer.swift */; };
		4BB7EDF724C95E02007087CE /* N.m4a in Resources */ = {isa = PBXBuildFile; fileRef = 4BB7EDDD24C95E02007087CE /* N.m4a */; };
		4BB7EDF824C95E03007087CE /* Y.m4a in Resources */ = {isa = PBXBuildFile; fileRef = 4BB7EDDE24C95E02007087CE /* Y.m4a */; };
		4BB7EDF924C95E03007087CE /* X.m4a in Resources */ = {isa = PBXBuildFile; fileRef = 4BB7EDDF24C95E02007087CE /* X.m4a */; };
		4BB7EDFA24C95E03007087CE /* O.m4a in Resources */ = {isa = PBXBuildFile; fileRef = 4BB7EDE024C95E02007087CE /* O.m4a */; };
		4BB7EDFB24C95E03007087CE /* M.m4a in Resources */ = {isa = PBXBuildFile; fileRef = 4BB7EDE124C95E02007087CE /* M.m4a */; };
		4BB7EDFC24C95E03007087CE /* Z.m4a in Resources */ = {isa = PBXBuildFile; fileRef = 4BB7EDE224C95E02007087CE /* Z.m4a */; };
		4BB7EDFD24C95E03007087CE /* L.m4a in Resources */ = {isa = PBXBuildFile; fileRef = 4BB7EDE324C95E02007087CE /* L.m4a */; };
		4BB7EDFE24C95E03007087CE /* H.m4a in Resources */ = {isa = PBXBuildFile; fileRef = 4BB7EDE424C95E02007087CE /* H.m4a */; };
		4BB7EDFF24C95E03007087CE /* I.m4a in Resources */ = {isa = PBXBuildFile; fileRef = 4BB7EDE524C95E02007087CE /* I.m4a */; };
		4BB7EE0024C95E03007087CE /* K.m4a in Resources */ = {isa = PBXBuildFile; fileRef = 4BB7EDE624C95E02007087CE /* K.m4a */; };
		4BB7EE0124C95E03007087CE /* J.m4a in Resources */ = {isa = PBXBuildFile; fileRef = 4BB7EDE724C95E02007087CE /* J.m4a */; };
		4BB7EE0224C95E03007087CE /* P.m4a in Resources */ = {isa = PBXBuildFile; fileRef = 4BB7EDE824C95E02007087CE /* P.m4a */; };
		4BB7EE0324C95E03007087CE /* G.m4a in Resources */ = {isa = PBXBuildFile; fileRef = 4BB7EDE924C95E02007087CE /* G.m4a */; };
		4BB7EE0424C95E03007087CE /* F.m4a in Resources */ = {isa = PBXBuildFile; fileRef = 4BB7EDEA24C95E02007087CE /* F.m4a */; };
		4BB7EE0524C95E03007087CE /* Q.m4a in Resources */ = {isa = PBXBuildFile; fileRef = 4BB7EDEB24C95E02007087CE /* Q.m4a */; };
		4BB7EE0624C95E03007087CE /* S.m4a in Resources */ = {isa = PBXBuildFile; fileRef = 4BB7EDEC24C95E02007087CE /* S.m4a */; };
		4BB7EE0724C95E03007087CE /* D.m4a in Resources */ = {isa = PBXBuildFile; fileRef = 4BB7EDED24C95E02007087CE /* D.m4a */; };
		4BB7EE0824C95E03007087CE /* E.m4a in Resources */ = {isa = PBXBuildFile; fileRef = 4BB7EDEE24C95E02007087CE /* E.m4a */; };
		4BB7EE0924C95E03007087CE /* R.m4a in Resources */ = {isa = PBXBuildFile; fileRef = 4BB7EDEF24C95E02007087CE /* R.m4a */; };
		4BB7EE0A24C95E03007087CE /* A.m4a in Resources */ = {isa = PBXBuildFile; fileRef = 4BB7EDF024C95E02007087CE /* A.m4a */; };
		4BB7EE0B24C95E03007087CE /* V.m4a in Resources */ = {isa = PBXBuildFile; fileRef = 4BB7EDF124C95E02007087CE /* V.m4a */; };
		4BB7EE0C24C95E03007087CE /* W.m4a in Resources */ = {isa = PBXBuildFile; fileRef = 4BB7EDF224C95E02007087CE /* W.m4a */; };
		4BB7EE0D24C95E03007087CE /* B.m4a in Resources */ = {isa = PBXBuildFile; fileRef = 4BB7EDF324C95E02007087CE /* B.m4a */; };
		4BB7EE0E24C95E03007087CE /* U.m4a in Resources */ = {isa = PBXBuildFile; fileRef = 4BB7EDF424C95E02007087CE /* U.m4a */; };
		4BB7EE0F24C95E03007087CE /* T.m4a in Resources */ = {isa = PBXBuildFile; fileRef = 4BB7EDF524C95E02007087CE /* T.m4a */; };
		4BB7EE1024C95E03007087CE /* C.m4a in Resources */ = {isa = PBXBuildFile; fileRef = 4BB7EDF624C95E02007087CE /* C.m4a */; };
		4BDCB7E024C1B9B900C6A6B6 /* Sekolah.swift in Sources */ = {isa = PBXBuildFile; fileRef = 4BDCB7DF24C1B9B900C6A6B6 /* Sekolah.swift */; };
		4BDCB7E224C1F50F00C6A6B6 /* pageDetail.swift in Sources */ = {isa = PBXBuildFile; fileRef = 4BDCB7E124C1F50F00C6A6B6 /* pageDetail.swift */; };
		4BDCB7E424C21D1800C6A6B6 /* contentRoot.swift in Sources */ = {isa = PBXBuildFile; fileRef = 4BDCB7E324C21D1800C6A6B6 /* contentRoot.swift */; };
		4BDCB7E624C21F0500C6A6B6 /* FonikView.swift in Sources */ = {isa = PBXBuildFile; fileRef = 4BDCB7E524C21F0500C6A6B6 /* FonikView.swift */; };
		4BDCB7E824C2209800C6A6B6 /* SusunKataView.swift in Sources */ = {isa = PBXBuildFile; fileRef = 4BDCB7E724C2209800C6A6B6 /* SusunKataView.swift */; };
		4BDCB7EF24C3517E00C6A6B6 /* AlfabetScrollView.swift in Sources */ = {isa = PBXBuildFile; fileRef = 4BDCB7EE24C3517E00C6A6B6 /* AlfabetScrollView.swift */; };
		4BDCB7F124C42CB100C6A6B6 /* Kelas.swift in Sources */ = {isa = PBXBuildFile; fileRef = 4BDCB7F024C42CB100C6A6B6 /* Kelas.swift */; };
		4BDCB7F324C44AFA00C6A6B6 /* Fonik.swift in Sources */ = {isa = PBXBuildFile; fileRef = 4BDCB7F224C44AFA00C6A6B6 /* Fonik.swift */; };
		4BDCB7F724C44C6D00C6A6B6 /* Soal.swift in Sources */ = {isa = PBXBuildFile; fileRef = 4BDCB7F624C44C6D00C6A6B6 /* Soal.swift */; };
		F4D5CEE424C1471600C6B104 /* AppDelegate.swift in Sources */ = {isa = PBXBuildFile; fileRef = F4D5CEE324C1471600C6B104 /* AppDelegate.swift */; };
		F4D5CEE624C1471600C6B104 /* SceneDelegate.swift in Sources */ = {isa = PBXBuildFile; fileRef = F4D5CEE524C1471600C6B104 /* SceneDelegate.swift */; };
		F4D5CEE924C1471600C6B104 /* MC3_SwiftUI.xcdatamodeld in Sources */ = {isa = PBXBuildFile; fileRef = F4D5CEE724C1471600C6B104 /* MC3_SwiftUI.xcdatamodeld */; };
		F4D5CEEB24C1471600C6B104 /* ProgresifView.swift in Sources */ = {isa = PBXBuildFile; fileRef = F4D5CEEA24C1471600C6B104 /* ProgresifView.swift */; };
		F4D5CEED24C1471900C6B104 /* Assets.xcassets in Resources */ = {isa = PBXBuildFile; fileRef = F4D5CEEC24C1471900C6B104 /* Assets.xcassets */; };
		F4D5CEF024C1471900C6B104 /* Preview Assets.xcassets in Resources */ = {isa = PBXBuildFile; fileRef = F4D5CEEF24C1471900C6B104 /* Preview Assets.xcassets */; };
		F4D5CEF324C1471900C6B104 /* LaunchScreen.storyboard in Resources */ = {isa = PBXBuildFile; fileRef = F4D5CEF124C1471900C6B104 /* LaunchScreen.storyboard */; };
/* End PBXBuildFile section */

/* Begin PBXFileReference section */
		48421EC924D28A1000F2C14D /* DetailScoring.swift */ = {isa = PBXFileReference; lastKnownFileType = sourcecode.swift; path = DetailScoring.swift; sourceTree = "<group>"; };
		4842B96B24CA5DCF00238A8D /* Subview.swift */ = {isa = PBXFileReference; lastKnownFileType = sourcecode.swift; path = Subview.swift; sourceTree = "<group>"; };
		4842B96D24CA5F2500238A8D /* OnboardingView.swift */ = {isa = PBXFileReference; lastKnownFileType = sourcecode.swift; path = OnboardingView.swift; sourceTree = "<group>"; };
		4842B96F24CA60BE00238A8D /* PageViewController.swift */ = {isa = PBXFileReference; lastKnownFileType = sourcecode.swift; path = PageViewController.swift; sourceTree = "<group>"; };
		4842B97124CA6CDB00238A8D /* PageControl.swift */ = {isa = PBXFileReference; lastKnownFileType = sourcecode.swift; path = PageControl.swift; sourceTree = "<group>"; };
		4855FB4C24C6E7690040C09F /* SearchBar.swift */ = {isa = PBXFileReference; lastKnownFileType = sourcecode.swift; path = SearchBar.swift; sourceTree = "<group>"; };
		487DF24224D1E193006191BC /* DetailStudent.swift */ = {isa = PBXFileReference; lastKnownFileType = sourcecode.swift; path = DetailStudent.swift; sourceTree = "<group>"; };
		48AF88E224D63C99000547C0 /* ProgressBar.swift */ = {isa = PBXFileReference; lastKnownFileType = sourcecode.swift; path = ProgressBar.swift; sourceTree = "<group>"; };
		48CCC06B24CE8953002A89D5 /* SoundClassification.swift */ = {isa = PBXFileReference; fileEncoding = 4; lastKnownFileType = sourcecode.swift; name = SoundClassification.swift; path = "../../../Desktop/masuk/MC3/MC3-SwiftUI/MC3-SwiftUI/CreateML/SoundClassification.swift"; sourceTree = "<group>"; };
		48CCC06C24CE8953002A89D5 /* MC3-SoundClassifier 2.mlmodel */ = {isa = PBXFileReference; lastKnownFileType = file.mlmodel; name = "MC3-SoundClassifier 2.mlmodel"; path = "../../../Desktop/masuk/MC3/MC3-SwiftUI/MC3-SwiftUI/CreateML/MC3-SoundClassifier 2.mlmodel"; sourceTree = "<group>"; };
		48CCC06D24CE8953002A89D5 /* ResultsObserver.swift */ = {isa = PBXFileReference; fileEncoding = 4; lastKnownFileType = sourcecode.swift; name = ResultsObserver.swift; path = "../../../Desktop/masuk/MC3/MC3-SwiftUI/MC3-SwiftUI/CreateML/ResultsObserver.swift"; sourceTree = "<group>"; };
		48CCC06E24CE8953002A89D5 /* SoundClassifierDelegate.swift */ = {isa = PBXFileReference; fileEncoding = 4; lastKnownFileType = sourcecode.swift; name = SoundClassifierDelegate.swift; path = "../../../Desktop/masuk/MC3/MC3-SwiftUI/MC3-SwiftUI/CreateML/SoundClassifierDelegate.swift"; sourceTree = "<group>"; };
		48CCC07324CE8986002A89D5 /* KuisView.swift */ = {isa = PBXFileReference; fileEncoding = 4; lastKnownFileType = sourcecode.swift; name = KuisView.swift; path = "../../../../../../../Desktop/masuk/MC3/MC3-SwiftUI/MC3-SwiftUI/Progresif/KuisView.swift"; sourceTree = "<group>"; };
		4B68056B24C8A63B000261E6 /* Murid.swift */ = {isa = PBXFileReference; lastKnownFileType = sourcecode.swift; path = Murid.swift; sourceTree = "<group>"; };
		4BB7EDD524C93EC6007087CE /* Kuis.swift */ = {isa = PBXFileReference; lastKnownFileType = sourcecode.swift; path = Kuis.swift; sourceTree = "<group>"; };
		4BB7EDD924C95643007087CE /* audioPlayer.swift */ = {isa = PBXFileReference; lastKnownFileType = sourcecode.swift; path = audioPlayer.swift; sourceTree = "<group>"; };
		4BB7EDDD24C95E02007087CE /* N.m4a */ = {isa = PBXFileReference; lastKnownFileType = file; path = N.m4a; sourceTree = "<group>"; };
		4BB7EDDE24C95E02007087CE /* Y.m4a */ = {isa = PBXFileReference; lastKnownFileType = file; path = Y.m4a; sourceTree = "<group>"; };
		4BB7EDDF24C95E02007087CE /* X.m4a */ = {isa = PBXFileReference; lastKnownFileType = text; path = X.m4a; sourceTree = "<group>"; };
		4BB7EDE024C95E02007087CE /* O.m4a */ = {isa = PBXFileReference; lastKnownFileType = file; path = O.m4a; sourceTree = "<group>"; };
		4BB7EDE124C95E02007087CE /* M.m4a */ = {isa = PBXFileReference; lastKnownFileType = file; path = M.m4a; sourceTree = "<group>"; };
		4BB7EDE224C95E02007087CE /* Z.m4a */ = {isa = PBXFileReference; lastKnownFileType = file; path = Z.m4a; sourceTree = "<group>"; };
		4BB7EDE324C95E02007087CE /* L.m4a */ = {isa = PBXFileReference; lastKnownFileType = file; path = L.m4a; sourceTree = "<group>"; };
		4BB7EDE424C95E02007087CE /* H.m4a */ = {isa = PBXFileReference; lastKnownFileType = file; path = H.m4a; sourceTree = "<group>"; };
		4BB7EDE524C95E02007087CE /* I.m4a */ = {isa = PBXFileReference; lastKnownFileType = file; path = I.m4a; sourceTree = "<group>"; };
		4BB7EDE624C95E02007087CE /* K.m4a */ = {isa = PBXFileReference; lastKnownFileType = file; path = K.m4a; sourceTree = "<group>"; };
		4BB7EDE724C95E02007087CE /* J.m4a */ = {isa = PBXFileReference; lastKnownFileType = file; path = J.m4a; sourceTree = "<group>"; };
		4BB7EDE824C95E02007087CE /* P.m4a */ = {isa = PBXFileReference; lastKnownFileType = file; path = P.m4a; sourceTree = "<group>"; };
		4BB7EDE924C95E02007087CE /* G.m4a */ = {isa = PBXFileReference; lastKnownFileType = file; path = G.m4a; sourceTree = "<group>"; };
		4BB7EDEA24C95E02007087CE /* F.m4a */ = {isa = PBXFileReference; lastKnownFileType = file; path = F.m4a; sourceTree = "<group>"; };
		4BB7EDEB24C95E02007087CE /* Q.m4a */ = {isa = PBXFileReference; lastKnownFileType = file; path = Q.m4a; sourceTree = "<group>"; };
		4BB7EDEC24C95E02007087CE /* S.m4a */ = {isa = PBXFileReference; lastKnownFileType = file; path = S.m4a; sourceTree = "<group>"; };
		4BB7EDED24C95E02007087CE /* D.m4a */ = {isa = PBXFileReference; lastKnownFileType = file; path = D.m4a; sourceTree = "<group>"; };
		4BB7EDEE24C95E02007087CE /* E.m4a */ = {isa = PBXFileReference; lastKnownFileType = file; path = E.m4a; sourceTree = "<group>"; };
		4BB7EDEF24C95E02007087CE /* R.m4a */ = {isa = PBXFileReference; lastKnownFileType = file; path = R.m4a; sourceTree = "<group>"; };
		4BB7EDF024C95E02007087CE /* A.m4a */ = {isa = PBXFileReference; lastKnownFileType = file; path = A.m4a; sourceTree = "<group>"; };
		4BB7EDF124C95E02007087CE /* V.m4a */ = {isa = PBXFileReference; lastKnownFileType = file; path = V.m4a; sourceTree = "<group>"; };
		4BB7EDF224C95E02007087CE /* W.m4a */ = {isa = PBXFileReference; lastKnownFileType = file; path = W.m4a; sourceTree = "<group>"; };
		4BB7EDF324C95E02007087CE /* B.m4a */ = {isa = PBXFileReference; lastKnownFileType = file; path = B.m4a; sourceTree = "<group>"; };
		4BB7EDF424C95E02007087CE /* U.m4a */ = {isa = PBXFileReference; lastKnownFileType = file; path = U.m4a; sourceTree = "<group>"; };
		4BB7EDF524C95E02007087CE /* T.m4a */ = {isa = PBXFileReference; lastKnownFileType = file; path = T.m4a; sourceTree = "<group>"; };
		4BB7EDF624C95E02007087CE /* C.m4a */ = {isa = PBXFileReference; lastKnownFileType = file; path = C.m4a; sourceTree = "<group>"; };
		4BDCB7DF24C1B9B900C6A6B6 /* Sekolah.swift */ = {isa = PBXFileReference; lastKnownFileType = sourcecode.swift; path = Sekolah.swift; sourceTree = "<group>"; };
		4BDCB7E124C1F50F00C6A6B6 /* pageDetail.swift */ = {isa = PBXFileReference; lastKnownFileType = sourcecode.swift; path = pageDetail.swift; sourceTree = "<group>"; };
		4BDCB7E324C21D1800C6A6B6 /* contentRoot.swift */ = {isa = PBXFileReference; lastKnownFileType = sourcecode.swift; path = contentRoot.swift; sourceTree = "<group>"; };
		4BDCB7E524C21F0500C6A6B6 /* FonikView.swift */ = {isa = PBXFileReference; lastKnownFileType = sourcecode.swift; path = FonikView.swift; sourceTree = "<group>"; };
		4BDCB7E724C2209800C6A6B6 /* SusunKataView.swift */ = {isa = PBXFileReference; lastKnownFileType = sourcecode.swift; path = SusunKataView.swift; sourceTree = "<group>"; };
		4BDCB7EE24C3517E00C6A6B6 /* AlfabetScrollView.swift */ = {isa = PBXFileReference; lastKnownFileType = sourcecode.swift; path = AlfabetScrollView.swift; sourceTree = "<group>"; };
		4BDCB7F024C42CB100C6A6B6 /* Kelas.swift */ = {isa = PBXFileReference; lastKnownFileType = sourcecode.swift; path = Kelas.swift; sourceTree = "<group>"; };
		4BDCB7F224C44AFA00C6A6B6 /* Fonik.swift */ = {isa = PBXFileReference; lastKnownFileType = sourcecode.swift; path = Fonik.swift; sourceTree = "<group>"; };
		4BDCB7F624C44C6D00C6A6B6 /* Soal.swift */ = {isa = PBXFileReference; lastKnownFileType = sourcecode.swift; path = Soal.swift; sourceTree = "<group>"; };
		F4D5CEE024C1471600C6B104 /* Bacain.app */ = {isa = PBXFileReference; explicitFileType = wrapper.application; includeInIndex = 0; path = Bacain.app; sourceTree = BUILT_PRODUCTS_DIR; };
		F4D5CEE324C1471600C6B104 /* AppDelegate.swift */ = {isa = PBXFileReference; lastKnownFileType = sourcecode.swift; path = AppDelegate.swift; sourceTree = "<group>"; };
		F4D5CEE524C1471600C6B104 /* SceneDelegate.swift */ = {isa = PBXFileReference; lastKnownFileType = sourcecode.swift; path = SceneDelegate.swift; sourceTree = "<group>"; };
		F4D5CEE824C1471600C6B104 /* MC3_SwiftUI.xcdatamodel */ = {isa = PBXFileReference; lastKnownFileType = wrapper.xcdatamodel; path = MC3_SwiftUI.xcdatamodel; sourceTree = "<group>"; };
		F4D5CEEA24C1471600C6B104 /* ProgresifView.swift */ = {isa = PBXFileReference; lastKnownFileType = sourcecode.swift; path = ProgresifView.swift; sourceTree = "<group>"; };
		F4D5CEEC24C1471900C6B104 /* Assets.xcassets */ = {isa = PBXFileReference; lastKnownFileType = folder.assetcatalog; path = Assets.xcassets; sourceTree = "<group>"; };
		F4D5CEEF24C1471900C6B104 /* Preview Assets.xcassets */ = {isa = PBXFileReference; lastKnownFileType = folder.assetcatalog; path = "Preview Assets.xcassets"; sourceTree = "<group>"; };
		F4D5CEF224C1471900C6B104 /* Base */ = {isa = PBXFileReference; lastKnownFileType = file.storyboard; name = Base; path = Base.lproj/LaunchScreen.storyboard; sourceTree = "<group>"; };
		F4D5CEF424C1471900C6B104 /* Info.plist */ = {isa = PBXFileReference; lastKnownFileType = text.plist.xml; path = Info.plist; sourceTree = "<group>"; };
/* End PBXFileReference section */

/* Begin PBXFrameworksBuildPhase section */
		F4D5CEDD24C1471600C6B104 /* Frameworks */ = {
			isa = PBXFrameworksBuildPhase;
			buildActionMask = 2147483647;
			files = (
			);
			runOnlyForDeploymentPostprocessing = 0;
		};
/* End PBXFrameworksBuildPhase section */

/* Begin PBXGroup section */
		4BB7EDDC24C95E02007087CE /* Audio Fonik */ = {
			isa = PBXGroup;
			children = (
				4BB7EDDD24C95E02007087CE /* N.m4a */,
				4BB7EDDE24C95E02007087CE /* Y.m4a */,
				4BB7EDDF24C95E02007087CE /* X.m4a */,
				4BB7EDE024C95E02007087CE /* O.m4a */,
				4BB7EDE124C95E02007087CE /* M.m4a */,
				4BB7EDE224C95E02007087CE /* Z.m4a */,
				4BB7EDE324C95E02007087CE /* L.m4a */,
				4BB7EDE424C95E02007087CE /* H.m4a */,
				4BB7EDE524C95E02007087CE /* I.m4a */,
				4BB7EDE624C95E02007087CE /* K.m4a */,
				4BB7EDE724C95E02007087CE /* J.m4a */,
				4BB7EDE824C95E02007087CE /* P.m4a */,
				4BB7EDE924C95E02007087CE /* G.m4a */,
				4BB7EDEA24C95E02007087CE /* F.m4a */,
				4BB7EDEB24C95E02007087CE /* Q.m4a */,
				4BB7EDEC24C95E02007087CE /* S.m4a */,
				4BB7EDED24C95E02007087CE /* D.m4a */,
				4BB7EDEE24C95E02007087CE /* E.m4a */,
				4BB7EDEF24C95E02007087CE /* R.m4a */,
				4BB7EDF024C95E02007087CE /* A.m4a */,
				4BB7EDF124C95E02007087CE /* V.m4a */,
				4BB7EDF224C95E02007087CE /* W.m4a */,
				4BB7EDF324C95E02007087CE /* B.m4a */,
				4BB7EDF424C95E02007087CE /* U.m4a */,
				4BB7EDF524C95E02007087CE /* T.m4a */,
				4BB7EDF624C95E02007087CE /* C.m4a */,
			);
			path = "Audio Fonik";
			sourceTree = "<group>";
		};
		4BDCB7DE24C1874B00C6A6B6 /* CoreData */ = {
			isa = PBXGroup;
			children = (
				4BDCB7DF24C1B9B900C6A6B6 /* Sekolah.swift */,
				4BDCB7F224C44AFA00C6A6B6 /* Fonik.swift */,
				4B68056B24C8A63B000261E6 /* Murid.swift */,
				4BDCB7F624C44C6D00C6A6B6 /* Soal.swift */,
				4BB7EDD524C93EC6007087CE /* Kuis.swift */,
				4BDCB7F024C42CB100C6A6B6 /* Kelas.swift */,
			);
			path = CoreData;
			sourceTree = "<group>";
		};
		4BDCB7E924C220F400C6A6B6 /* SusunKata */ = {
			isa = PBXGroup;
			children = (
				4BDCB7E724C2209800C6A6B6 /* SusunKataView.swift */,
			);
			path = SusunKata;
			sourceTree = "<group>";
		};
		4BDCB7EA24C2210B00C6A6B6 /* Fonik */ = {
			isa = PBXGroup;
			children = (
				4BDCB7E524C21F0500C6A6B6 /* FonikView.swift */,
				4BDCB7EE24C3517E00C6A6B6 /* AlfabetScrollView.swift */,
			);
			path = Fonik;
			sourceTree = "<group>";
		};
		4BDCB7EB24C2211A00C6A6B6 /* Progresif */ = {
			isa = PBXGroup;
			children = (
				48CCC07324CE8986002A89D5 /* KuisView.swift */,
				F4D5CEEA24C1471600C6B104 /* ProgresifView.swift */,
				4855FB4C24C6E7690040C09F /* SearchBar.swift */,
				4842B96B24CA5DCF00238A8D /* Subview.swift */,
				4842B96D24CA5F2500238A8D /* OnboardingView.swift */,
				4842B96F24CA60BE00238A8D /* PageViewController.swift */,
				4842B97124CA6CDB00238A8D /* PageControl.swift */,
				487DF24224D1E193006191BC /* DetailStudent.swift */,
				48421EC924D28A1000F2C14D /* DetailScoring.swift */,
				48AF88E224D63C99000547C0 /* ProgressBar.swift */,
			);
			path = Progresif;
			sourceTree = "<group>";
		};
		F424196E24CAA7BA000F1CA4 /* CreateML */ = {
			isa = PBXGroup;
			children = (
				48CCC06C24CE8953002A89D5 /* MC3-SoundClassifier 2.mlmodel */,
				48CCC06D24CE8953002A89D5 /* ResultsObserver.swift */,
				48CCC06B24CE8953002A89D5 /* SoundClassification.swift */,
				48CCC06E24CE8953002A89D5 /* SoundClassifierDelegate.swift */,
			);
			name = CreateML;
			path = ../../../../../Downloads/CreateML;
			sourceTree = "<group>";
		};
		F4D5CED724C1471600C6B104 = {
			isa = PBXGroup;
			children = (
				F4D5CEE224C1471600C6B104 /* MC3-SwiftUI */,
				F4D5CEE124C1471600C6B104 /* Products */,
			);
			sourceTree = "<group>";
		};
		F4D5CEE124C1471600C6B104 /* Products */ = {
			isa = PBXGroup;
			children = (
				F4D5CEE024C1471600C6B104 /* Bacain.app */,
			);
			name = Products;
			sourceTree = "<group>";
		};
		F4D5CEE224C1471600C6B104 /* MC3-SwiftUI */ = {
			isa = PBXGroup;
			children = (
				F424196E24CAA7BA000F1CA4 /* CreateML */,
				4BB7EDDC24C95E02007087CE /* Audio Fonik */,
				4BDCB7DE24C1874B00C6A6B6 /* CoreData */,
				F4D5CEE324C1471600C6B104 /* AppDelegate.swift */,
				F4D5CEE524C1471600C6B104 /* SceneDelegate.swift */,
				4BDCB7E324C21D1800C6A6B6 /* contentRoot.swift */,
				4BDCB7E924C220F400C6A6B6 /* SusunKata */,
				4BDCB7EA24C2210B00C6A6B6 /* Fonik */,
				4BDCB7EB24C2211A00C6A6B6 /* Progresif */,
				4BDCB7E124C1F50F00C6A6B6 /* pageDetail.swift */,
				F4D5CEEC24C1471900C6B104 /* Assets.xcassets */,
				F4D5CEF124C1471900C6B104 /* LaunchScreen.storyboard */,
				F4D5CEF424C1471900C6B104 /* Info.plist */,
				F4D5CEE724C1471600C6B104 /* MC3_SwiftUI.xcdatamodeld */,
				F4D5CEEE24C1471900C6B104 /* Preview Content */,
				4BB7EDD924C95643007087CE /* audioPlayer.swift */,
			);
			path = "MC3-SwiftUI";
			sourceTree = "<group>";
		};
		F4D5CEEE24C1471900C6B104 /* Preview Content */ = {
			isa = PBXGroup;
			children = (
				F4D5CEEF24C1471900C6B104 /* Preview Assets.xcassets */,
			);
			path = "Preview Content";
			sourceTree = "<group>";
		};
/* End PBXGroup section */

/* Begin PBXNativeTarget section */
		F4D5CEDF24C1471600C6B104 /* MC3-SwiftUI */ = {
			isa = PBXNativeTarget;
			buildConfigurationList = F4D5CEF724C1471900C6B104 /* Build configuration list for PBXNativeTarget "MC3-SwiftUI" */;
			buildPhases = (
				F4D5CEDC24C1471600C6B104 /* Sources */,
				F4D5CEDD24C1471600C6B104 /* Frameworks */,
				F4D5CEDE24C1471600C6B104 /* Resources */,
			);
			buildRules = (
			);
			dependencies = (
			);
			name = "MC3-SwiftUI";
			productName = "MC3-SwiftUI";
			productReference = F4D5CEE024C1471600C6B104 /* Bacain.app */;
			productType = "com.apple.product-type.application";
		};
/* End PBXNativeTarget section */

/* Begin PBXProject section */
		F4D5CED824C1471600C6B104 /* Project object */ = {
			isa = PBXProject;
			attributes = {
				LastSwiftUpdateCheck = 1150;
				LastUpgradeCheck = 1150;
				ORGANIZATIONNAME = Poppy;
				TargetAttributes = {
					F4D5CEDF24C1471600C6B104 = {
						CreatedOnToolsVersion = 11.5;
					};
				};
			};
			buildConfigurationList = F4D5CEDB24C1471600C6B104 /* Build configuration list for PBXProject "MC3-SwiftUI" */;
			compatibilityVersion = "Xcode 9.3";
			developmentRegion = en;
			hasScannedForEncodings = 0;
			knownRegions = (
				en,
				Base,
			);
			mainGroup = F4D5CED724C1471600C6B104;
			productRefGroup = F4D5CEE124C1471600C6B104 /* Products */;
			projectDirPath = "";
			projectRoot = "";
			targets = (
				F4D5CEDF24C1471600C6B104 /* MC3-SwiftUI */,
			);
		};
/* End PBXProject section */

/* Begin PBXResourcesBuildPhase section */
		F4D5CEDE24C1471600C6B104 /* Resources */ = {
			isa = PBXResourcesBuildPhase;
			buildActionMask = 2147483647;
			files = (
				4BB7EE0524C95E03007087CE /* Q.m4a in Resources */,
				4BB7EE0224C95E03007087CE /* P.m4a in Resources */,
				4BB7EDFE24C95E03007087CE /* H.m4a in Resources */,
				4BB7EE0B24C95E03007087CE /* V.m4a in Resources */,
				4BB7EE0824C95E03007087CE /* E.m4a in Resources */,
				4BB7EDFC24C95E03007087CE /* Z.m4a in Resources */,
				4BB7EE0E24C95E03007087CE /* U.m4a in Resources */,
				4BB7EE0424C95E03007087CE /* F.m4a in Resources */,
				F4D5CEF324C1471900C6B104 /* LaunchScreen.storyboard in Resources */,
				F4D5CEF024C1471900C6B104 /* Preview Assets.xcassets in Resources */,
				4BB7EE0024C95E03007087CE /* K.m4a in Resources */,
				4BB7EE0A24C95E03007087CE /* A.m4a in Resources */,
				4BB7EE0C24C95E03007087CE /* W.m4a in Resources */,
				4BB7EE0F24C95E03007087CE /* T.m4a in Resources */,
				4BB7EDFD24C95E03007087CE /* L.m4a in Resources */,
				4BB7EE0724C95E03007087CE /* D.m4a in Resources */,
				4BB7EE0924C95E03007087CE /* R.m4a in Resources */,
				4BB7EDFB24C95E03007087CE /* M.m4a in Resources */,
				4BB7EDFF24C95E03007087CE /* I.m4a in Resources */,
				4BB7EDF824C95E03007087CE /* Y.m4a in Resources */,
				4BB7EDF924C95E03007087CE /* X.m4a in Resources */,
				F4D5CEED24C1471900C6B104 /* Assets.xcassets in Resources */,
				4BB7EE0324C95E03007087CE /* G.m4a in Resources */,
				4BB7EE0124C95E03007087CE /* J.m4a in Resources */,
				4BB7EDFA24C95E03007087CE /* O.m4a in Resources */,
				4BB7EE0D24C95E03007087CE /* B.m4a in Resources */,
				4BB7EE1024C95E03007087CE /* C.m4a in Resources */,
				4BB7EE0624C95E03007087CE /* S.m4a in Resources */,
				4BB7EDF724C95E02007087CE /* N.m4a in Resources */,
			);
			runOnlyForDeploymentPostprocessing = 0;
		};
/* End PBXResourcesBuildPhase section */

/* Begin PBXSourcesBuildPhase section */
		F4D5CEDC24C1471600C6B104 /* Sources */ = {
			isa = PBXSourcesBuildPhase;
			buildActionMask = 2147483647;
			files = (
				4BDCB7EF24C3517E00C6A6B6 /* AlfabetScrollView.swift in Sources */,
				487DF24324D1E193006191BC /* DetailStudent.swift in Sources */,
				4BB7EDD624C93EC6007087CE /* Kuis.swift in Sources */,
				4842B96C24CA5DCF00238A8D /* Subview.swift in Sources */,
				48CCC07224CE8953002A89D5 /* SoundClassifierDelegate.swift in Sources */,
				F4D5CEE424C1471600C6B104 /* AppDelegate.swift in Sources */,
				48421ECA24D28A1000F2C14D /* DetailScoring.swift in Sources */,
				4842B96E24CA5F2500238A8D /* OnboardingView.swift in Sources */,
				48CCC07024CE8953002A89D5 /* MC3-SoundClassifier 2.mlmodel in Sources */,
				4855FB4D24C6E7690040C09F /* SearchBar.swift in Sources */,
				4BDCB7E224C1F50F00C6A6B6 /* pageDetail.swift in Sources */,
				4BDCB7E824C2209800C6A6B6 /* SusunKataView.swift in Sources */,
				4BDCB7E624C21F0500C6A6B6 /* FonikView.swift in Sources */,
				4BDCB7F124C42CB100C6A6B6 /* Kelas.swift in Sources */,
				4842B97224CA6CDB00238A8D /* PageControl.swift in Sources */,
				48AF88E324D63C99000547C0 /* ProgressBar.swift in Sources */,
				F4D5CEE624C1471600C6B104 /* SceneDelegate.swift in Sources */,
				4BDCB7F724C44C6D00C6A6B6 /* Soal.swift in Sources */,
				F4D5CEEB24C1471600C6B104 /* ProgresifView.swift in Sources */,
				4BDCB7E024C1B9B900C6A6B6 /* Sekolah.swift in Sources */,
				4B68056C24C8A63B000261E6 /* Murid.swift in Sources */,
				48CCC06F24CE8953002A89D5 /* SoundClassification.swift in Sources */,
				48CCC07124CE8953002A89D5 /* ResultsObserver.swift in Sources */,
				4842B97024CA60BE00238A8D /* PageViewController.swift in Sources */,
				F4D5CEE924C1471600C6B104 /* MC3_SwiftUI.xcdatamodeld in Sources */,
				48CCC07424CE8986002A89D5 /* KuisView.swift in Sources */,
				4BB7EDDA24C95643007087CE /* audioPlayer.swift in Sources */,
				4BDCB7F324C44AFA00C6A6B6 /* Fonik.swift in Sources */,
				4BDCB7E424C21D1800C6A6B6 /* contentRoot.swift in Sources */,
			);
			runOnlyForDeploymentPostprocessing = 0;
		};
/* End PBXSourcesBuildPhase section */

/* Begin PBXVariantGroup section */
		F4D5CEF124C1471900C6B104 /* LaunchScreen.storyboard */ = {
			isa = PBXVariantGroup;
			children = (
				F4D5CEF224C1471900C6B104 /* Base */,
			);
			name = LaunchScreen.storyboard;
			sourceTree = "<group>";
		};
/* End PBXVariantGroup section */

/* Begin XCBuildConfiguration section */
		F4D5CEF524C1471900C6B104 /* Debug */ = {
			isa = XCBuildConfiguration;
			buildSettings = {
				ALWAYS_SEARCH_USER_PATHS = NO;
				CLANG_ANALYZER_NONNULL = YES;
				CLANG_ANALYZER_NUMBER_OBJECT_CONVERSION = YES_AGGRESSIVE;
				CLANG_CXX_LANGUAGE_STANDARD = "gnu++14";
				CLANG_CXX_LIBRARY = "libc++";
				CLANG_ENABLE_MODULES = YES;
				CLANG_ENABLE_OBJC_ARC = YES;
				CLANG_ENABLE_OBJC_WEAK = YES;
				CLANG_WARN_BLOCK_CAPTURE_AUTORELEASING = YES;
				CLANG_WARN_BOOL_CONVERSION = YES;
				CLANG_WARN_COMMA = YES;
				CLANG_WARN_CONSTANT_CONVERSION = YES;
				CLANG_WARN_DEPRECATED_OBJC_IMPLEMENTATIONS = YES;
				CLANG_WARN_DIRECT_OBJC_ISA_USAGE = YES_ERROR;
				CLANG_WARN_DOCUMENTATION_COMMENTS = YES;
				CLANG_WARN_EMPTY_BODY = YES;
				CLANG_WARN_ENUM_CONVERSION = YES;
				CLANG_WARN_INFINITE_RECURSION = YES;
				CLANG_WARN_INT_CONVERSION = YES;
				CLANG_WARN_NON_LITERAL_NULL_CONVERSION = YES;
				CLANG_WARN_OBJC_IMPLICIT_RETAIN_SELF = YES;
				CLANG_WARN_OBJC_LITERAL_CONVERSION = YES;
				CLANG_WARN_OBJC_ROOT_CLASS = YES_ERROR;
				CLANG_WARN_RANGE_LOOP_ANALYSIS = YES;
				CLANG_WARN_STRICT_PROTOTYPES = YES;
				CLANG_WARN_SUSPICIOUS_MOVE = YES;
				CLANG_WARN_UNGUARDED_AVAILABILITY = YES_AGGRESSIVE;
				CLANG_WARN_UNREACHABLE_CODE = YES;
				CLANG_WARN__DUPLICATE_METHOD_MATCH = YES;
				COPY_PHASE_STRIP = NO;
				DEBUG_INFORMATION_FORMAT = dwarf;
				ENABLE_STRICT_OBJC_MSGSEND = YES;
				ENABLE_TESTABILITY = YES;
				GCC_C_LANGUAGE_STANDARD = gnu11;
				GCC_DYNAMIC_NO_PIC = NO;
				GCC_NO_COMMON_BLOCKS = YES;
				GCC_OPTIMIZATION_LEVEL = 0;
				GCC_PREPROCESSOR_DEFINITIONS = (
					"DEBUG=1",
					"$(inherited)",
				);
				GCC_WARN_64_TO_32_BIT_CONVERSION = YES;
				GCC_WARN_ABOUT_RETURN_TYPE = YES_ERROR;
				GCC_WARN_UNDECLARED_SELECTOR = YES;
				GCC_WARN_UNINITIALIZED_AUTOS = YES_AGGRESSIVE;
				GCC_WARN_UNUSED_FUNCTION = YES;
				GCC_WARN_UNUSED_VARIABLE = YES;
				IPHONEOS_DEPLOYMENT_TARGET = 13.5;
				MTL_ENABLE_DEBUG_INFO = INCLUDE_SOURCE;
				MTL_FAST_MATH = YES;
				ONLY_ACTIVE_ARCH = YES;
				SDKROOT = iphoneos;
				SWIFT_ACTIVE_COMPILATION_CONDITIONS = DEBUG;
				SWIFT_OPTIMIZATION_LEVEL = "-Onone";
			};
			name = Debug;
		};
		F4D5CEF624C1471900C6B104 /* Release */ = {
			isa = XCBuildConfiguration;
			buildSettings = {
				ALWAYS_SEARCH_USER_PATHS = NO;
				CLANG_ANALYZER_NONNULL = YES;
				CLANG_ANALYZER_NUMBER_OBJECT_CONVERSION = YES_AGGRESSIVE;
				CLANG_CXX_LANGUAGE_STANDARD = "gnu++14";
				CLANG_CXX_LIBRARY = "libc++";
				CLANG_ENABLE_MODULES = YES;
				CLANG_ENABLE_OBJC_ARC = YES;
				CLANG_ENABLE_OBJC_WEAK = YES;
				CLANG_WARN_BLOCK_CAPTURE_AUTORELEASING = YES;
				CLANG_WARN_BOOL_CONVERSION = YES;
				CLANG_WARN_COMMA = YES;
				CLANG_WARN_CONSTANT_CONVERSION = YES;
				CLANG_WARN_DEPRECATED_OBJC_IMPLEMENTATIONS = YES;
				CLANG_WARN_DIRECT_OBJC_ISA_USAGE = YES_ERROR;
				CLANG_WARN_DOCUMENTATION_COMMENTS = YES;
				CLANG_WARN_EMPTY_BODY = YES;
				CLANG_WARN_ENUM_CONVERSION = YES;
				CLANG_WARN_INFINITE_RECURSION = YES;
				CLANG_WARN_INT_CONVERSION = YES;
				CLANG_WARN_NON_LITERAL_NULL_CONVERSION = YES;
				CLANG_WARN_OBJC_IMPLICIT_RETAIN_SELF = YES;
				CLANG_WARN_OBJC_LITERAL_CONVERSION = YES;
				CLANG_WARN_OBJC_ROOT_CLASS = YES_ERROR;
				CLANG_WARN_RANGE_LOOP_ANALYSIS = YES;
				CLANG_WARN_STRICT_PROTOTYPES = YES;
				CLANG_WARN_SUSPICIOUS_MOVE = YES;
				CLANG_WARN_UNGUARDED_AVAILABILITY = YES_AGGRESSIVE;
				CLANG_WARN_UNREACHABLE_CODE = YES;
				CLANG_WARN__DUPLICATE_METHOD_MATCH = YES;
				COPY_PHASE_STRIP = NO;
				DEBUG_INFORMATION_FORMAT = "dwarf-with-dsym";
				ENABLE_NS_ASSERTIONS = NO;
				ENABLE_STRICT_OBJC_MSGSEND = YES;
				GCC_C_LANGUAGE_STANDARD = gnu11;
				GCC_NO_COMMON_BLOCKS = YES;
				GCC_WARN_64_TO_32_BIT_CONVERSION = YES;
				GCC_WARN_ABOUT_RETURN_TYPE = YES_ERROR;
				GCC_WARN_UNDECLARED_SELECTOR = YES;
				GCC_WARN_UNINITIALIZED_AUTOS = YES_AGGRESSIVE;
				GCC_WARN_UNUSED_FUNCTION = YES;
				GCC_WARN_UNUSED_VARIABLE = YES;
				IPHONEOS_DEPLOYMENT_TARGET = 13.5;
				MTL_ENABLE_DEBUG_INFO = NO;
				MTL_FAST_MATH = YES;
				SDKROOT = iphoneos;
				SWIFT_COMPILATION_MODE = wholemodule;
				SWIFT_OPTIMIZATION_LEVEL = "-O";
				VALIDATE_PRODUCT = YES;
			};
			name = Release;
		};
		F4D5CEF824C1471900C6B104 /* Debug */ = {
			isa = XCBuildConfiguration;
			buildSettings = {
				ASSETCATALOG_COMPILER_APPICON_NAME = AppIcon;
				CODE_SIGN_STYLE = Automatic;
				DEVELOPMENT_ASSET_PATHS = "\"MC3-SwiftUI/Preview Content\"";
				DEVELOPMENT_TEAM = HUQMNJMH26;
				ENABLE_PREVIEWS = YES;
				INFOPLIST_FILE = "MC3-SwiftUI/Info.plist";
				LD_RUNPATH_SEARCH_PATHS = (
					"$(inherited)",
					"@executable_path/Frameworks",
				);
				PRODUCT_BUNDLE_IDENTIFIER = "com.poppy.MC3-SwiftUI";
				PRODUCT_NAME = Bacain;
				SWIFT_VERSION = 5.0;
				TARGETED_DEVICE_FAMILY = 2;
			};
			name = Debug;
		};
		F4D5CEF924C1471900C6B104 /* Release */ = {
			isa = XCBuildConfiguration;
			buildSettings = {
				ASSETCATALOG_COMPILER_APPICON_NAME = AppIcon;
				CODE_SIGN_STYLE = Automatic;
				DEVELOPMENT_ASSET_PATHS = "\"MC3-SwiftUI/Preview Content\"";
				DEVELOPMENT_TEAM = HUQMNJMH26;
				ENABLE_PREVIEWS = YES;
				INFOPLIST_FILE = "MC3-SwiftUI/Info.plist";
				LD_RUNPATH_SEARCH_PATHS = (
					"$(inherited)",
					"@executable_path/Frameworks",
				);
				PRODUCT_BUNDLE_IDENTIFIER = "com.poppy.MC3-SwiftUI";
				PRODUCT_NAME = Bacain;
				SWIFT_VERSION = 5.0;
				TARGETED_DEVICE_FAMILY = 2;
			};
			name = Release;
		};
/* End XCBuildConfiguration section */

/* Begin XCConfigurationList section */
		F4D5CEDB24C1471600C6B104 /* Build configuration list for PBXProject "MC3-SwiftUI" */ = {
			isa = XCConfigurationList;
			buildConfigurations = (
				F4D5CEF524C1471900C6B104 /* Debug */,
				F4D5CEF624C1471900C6B104 /* Release */,
			);
			defaultConfigurationIsVisible = 0;
			defaultConfigurationName = Release;
		};
		F4D5CEF724C1471900C6B104 /* Build configuration list for PBXNativeTarget "MC3-SwiftUI" */ = {
			isa = XCConfigurationList;
			buildConfigurations = (
				F4D5CEF824C1471900C6B104 /* Debug */,
				F4D5CEF924C1471900C6B104 /* Release */,
			);
			defaultConfigurationIsVisible = 0;
			defaultConfigurationName = Release;
		};
/* End XCConfigurationList section */

/* Begin XCVersionGroup section */
		F4D5CEE724C1471600C6B104 /* MC3_SwiftUI.xcdatamodeld */ = {
			isa = XCVersionGroup;
			children = (
				F4D5CEE824C1471600C6B104 /* MC3_SwiftUI.xcdatamodel */,
			);
			currentVersion = F4D5CEE824C1471600C6B104 /* MC3_SwiftUI.xcdatamodel */;
			path = MC3_SwiftUI.xcdatamodeld;
			sourceTree = "<group>";
			versionGroupType = wrapper.xcdatamodel;
		};
/* End XCVersionGroup section */
	};
	rootObject = F4D5CED824C1471600C6B104 /* Project object */;
}
