// !$*UTF8*$!
{
	archiveVersion = 1;
	classes = {
	};
	objectVersion = 50;
	objects = {

/* Begin PBXBuildFile section */
		4BDCB7E024C1B9B900C6A6B6 /* Sekolah.swift in Sources */ = {isa = PBXBuildFile; fileRef = 4BDCB7DF24C1B9B900C6A6B6 /* Sekolah.swift */; };
		4BDCB7E224C1F50F00C6A6B6 /* pageDetail.swift in Sources */ = {isa = PBXBuildFile; fileRef = 4BDCB7E124C1F50F00C6A6B6 /* pageDetail.swift */; };
		4BDCB7E424C21D1800C6A6B6 /* contentRoot.swift in Sources */ = {isa = PBXBuildFile; fileRef = 4BDCB7E324C21D1800C6A6B6 /* contentRoot.swift */; };
		4BDCB7E624C21F0500C6A6B6 /* FonikView.swift in Sources */ = {isa = PBXBuildFile; fileRef = 4BDCB7E524C21F0500C6A6B6 /* FonikView.swift */; };
		4BDCB7E824C2209800C6A6B6 /* SusunKataView.swift in Sources */ = {isa = PBXBuildFile; fileRef = 4BDCB7E724C2209800C6A6B6 /* SusunKataView.swift */; };
		4BDCB7EF24C3517E00C6A6B6 /* AlfabetScrollView.swift in Sources */ = {isa = PBXBuildFile; fileRef = 4BDCB7EE24C3517E00C6A6B6 /* AlfabetScrollView.swift */; };
		4BDCB7F124C42CB100C6A6B6 /* Kelas.swift in Sources */ = {isa = PBXBuildFile; fileRef = 4BDCB7F024C42CB100C6A6B6 /* Kelas.swift */; };
		4BDCB7F324C44AFA00C6A6B6 /* Fonik.swift in Sources */ = {isa = PBXBuildFile; fileRef = 4BDCB7F224C44AFA00C6A6B6 /* Fonik.swift */; };
		4BDCB7F524C44BBE00C6A6B6 /* SusunKata.swift in Sources */ = {isa = PBXBuildFile; fileRef = 4BDCB7F424C44BBE00C6A6B6 /* SusunKata.swift */; };
		4BDCB7F724C44C6D00C6A6B6 /* Soal.swift in Sources */ = {isa = PBXBuildFile; fileRef = 4BDCB7F624C44C6D00C6A6B6 /* Soal.swift */; };
		F424197924CE84D3000F1CA4 /* SoalKuis.swift in Sources */ = {isa = PBXBuildFile; fileRef = F424197824CE84D3000F1CA4 /* SoalKuis.swift */; };
		F4C2C86524C69E8000FAB092 /* KuisView.swift in Sources */ = {isa = PBXBuildFile; fileRef = F4C2C86424C69E8000FAB092 /* KuisView.swift */; };
		F4C2C86824C6A21600FAB092 /* MC3-SoundClassifier 2.mlmodel in Sources */ = {isa = PBXBuildFile; fileRef = F4C2C86724C6A21600FAB092 /* MC3-SoundClassifier 2.mlmodel */; };
		F4C2C86A24C6A2CD00FAB092 /* SoundClassification.swift in Sources */ = {isa = PBXBuildFile; fileRef = F4C2C86924C6A2CD00FAB092 /* SoundClassification.swift */; };
		F4C2C86C24C9473800FAB092 /* ResultsObserver.swift in Sources */ = {isa = PBXBuildFile; fileRef = F4C2C86B24C9473800FAB092 /* ResultsObserver.swift */; };
		F4C2C86E24C9493C00FAB092 /* SoundClassifierDelegate.swift in Sources */ = {isa = PBXBuildFile; fileRef = F4C2C86D24C9493C00FAB092 /* SoundClassifierDelegate.swift */; };
		F4D5CEE424C1471600C6B104 /* AppDelegate.swift in Sources */ = {isa = PBXBuildFile; fileRef = F4D5CEE324C1471600C6B104 /* AppDelegate.swift */; };
		F4D5CEE624C1471600C6B104 /* SceneDelegate.swift in Sources */ = {isa = PBXBuildFile; fileRef = F4D5CEE524C1471600C6B104 /* SceneDelegate.swift */; };
		F4D5CEE924C1471600C6B104 /* MC3_SwiftUI.xcdatamodeld in Sources */ = {isa = PBXBuildFile; fileRef = F4D5CEE724C1471600C6B104 /* MC3_SwiftUI.xcdatamodeld */; };
		F4D5CEEB24C1471600C6B104 /* ProgresifView.swift in Sources */ = {isa = PBXBuildFile; fileRef = F4D5CEEA24C1471600C6B104 /* ProgresifView.swift */; };
		F4D5CEED24C1471900C6B104 /* Assets.xcassets in Resources */ = {isa = PBXBuildFile; fileRef = F4D5CEEC24C1471900C6B104 /* Assets.xcassets */; };
		F4D5CEF024C1471900C6B104 /* Preview Assets.xcassets in Resources */ = {isa = PBXBuildFile; fileRef = F4D5CEEF24C1471900C6B104 /* Preview Assets.xcassets */; };
		F4D5CEF324C1471900C6B104 /* LaunchScreen.storyboard in Resources */ = {isa = PBXBuildFile; fileRef = F4D5CEF124C1471900C6B104 /* LaunchScreen.storyboard */; };
/* End PBXBuildFile section */

/* Begin PBXFileReference section */
		4BDCB7DF24C1B9B900C6A6B6 /* Sekolah.swift */ = {isa = PBXFileReference; lastKnownFileType = sourcecode.swift; path = Sekolah.swift; sourceTree = "<group>"; };
		4BDCB7E124C1F50F00C6A6B6 /* pageDetail.swift */ = {isa = PBXFileReference; lastKnownFileType = sourcecode.swift; path = pageDetail.swift; sourceTree = "<group>"; };
		4BDCB7E324C21D1800C6A6B6 /* contentRoot.swift */ = {isa = PBXFileReference; lastKnownFileType = sourcecode.swift; path = contentRoot.swift; sourceTree = "<group>"; };
		4BDCB7E524C21F0500C6A6B6 /* FonikView.swift */ = {isa = PBXFileReference; lastKnownFileType = sourcecode.swift; path = FonikView.swift; sourceTree = "<group>"; };
		4BDCB7E724C2209800C6A6B6 /* SusunKataView.swift */ = {isa = PBXFileReference; lastKnownFileType = sourcecode.swift; path = SusunKataView.swift; sourceTree = "<group>"; };
		4BDCB7EE24C3517E00C6A6B6 /* AlfabetScrollView.swift */ = {isa = PBXFileReference; lastKnownFileType = sourcecode.swift; path = AlfabetScrollView.swift; sourceTree = "<group>"; };
		4BDCB7F024C42CB100C6A6B6 /* Kelas.swift */ = {isa = PBXFileReference; lastKnownFileType = sourcecode.swift; path = Kelas.swift; sourceTree = "<group>"; };
		4BDCB7F224C44AFA00C6A6B6 /* Fonik.swift */ = {isa = PBXFileReference; lastKnownFileType = sourcecode.swift; path = Fonik.swift; sourceTree = "<group>"; };
		4BDCB7F424C44BBE00C6A6B6 /* SusunKata.swift */ = {isa = PBXFileReference; lastKnownFileType = sourcecode.swift; path = SusunKata.swift; sourceTree = "<group>"; };
		4BDCB7F624C44C6D00C6A6B6 /* Soal.swift */ = {isa = PBXFileReference; lastKnownFileType = sourcecode.swift; path = Soal.swift; sourceTree = "<group>"; };
		F424197824CE84D3000F1CA4 /* SoalKuis.swift */ = {isa = PBXFileReference; lastKnownFileType = sourcecode.swift; path = SoalKuis.swift; sourceTree = "<group>"; };
		F4C2C86424C69E8000FAB092 /* KuisView.swift */ = {isa = PBXFileReference; lastKnownFileType = sourcecode.swift; path = KuisView.swift; sourceTree = "<group>"; };
		F4C2C86724C6A21600FAB092 /* MC3-SoundClassifier 2.mlmodel */ = {isa = PBXFileReference; lastKnownFileType = file.mlmodel; path = "MC3-SoundClassifier 2.mlmodel"; sourceTree = "<group>"; };
		F4C2C86924C6A2CD00FAB092 /* SoundClassification.swift */ = {isa = PBXFileReference; lastKnownFileType = sourcecode.swift; path = SoundClassification.swift; sourceTree = "<group>"; };
		F4C2C86B24C9473800FAB092 /* ResultsObserver.swift */ = {isa = PBXFileReference; lastKnownFileType = sourcecode.swift; path = ResultsObserver.swift; sourceTree = "<group>"; };
		F4C2C86D24C9493C00FAB092 /* SoundClassifierDelegate.swift */ = {isa = PBXFileReference; lastKnownFileType = sourcecode.swift; path = SoundClassifierDelegate.swift; sourceTree = "<group>"; };
		F4D5CEE024C1471600C6B104 /* MC3-SwiftUI.app */ = {isa = PBXFileReference; explicitFileType = wrapper.application; includeInIndex = 0; path = "MC3-SwiftUI.app"; sourceTree = BUILT_PRODUCTS_DIR; };
		F4D5CEE324C1471600C6B104 /* AppDelegate.swift */ = {isa = PBXFileReference; lastKnownFileType = sourcecode.swift; path = AppDelegate.swift; sourceTree = "<group>"; };
		F4D5CEE524C1471600C6B104 /* SceneDelegate.swift */ = {isa = PBXFileReference; lastKnownFileType = sourcecode.swift; path = SceneDelegate.swift; sourceTree = "<group>"; };
		F4D5CEE824C1471600C6B104 /* MC3_SwiftUI.xcdatamodel */ = {isa = PBXFileReference; lastKnownFileType = wrapper.xcdatamodel; path = MC3_SwiftUI.xcdatamodel; sourceTree = "<group>"; };
		F4D5CEEA24C1471600C6B104 /* ProgresifView.swift */ = {isa = PBXFileReference; lastKnownFileType = sourcecode.swift; path = ProgresifView.swift; sourceTree = "<group>"; };
		F4D5CEEC24C1471900C6B104 /* Assets.xcassets */ = {isa = PBXFileReference; lastKnownFileType = folder.assetcatalog; path = Assets.xcassets; sourceTree = "<group>"; };
		F4D5CEEF24C1471900C6B104 /* Preview Assets.xcassets */ = {isa = PBXFileReference; lastKnownFileType = folder.assetcatalog; path = "Preview Assets.xcassets"; sourceTree = "<group>"; };
		F4D5CEF224C1471900C6B104 /* Base */ = {isa = PBXFileReference; lastKnownFileType = file.storyboard; name = Base; path = Base.lproj/LaunchScreen.storyboard; sourceTree = "<group>"; };
		F4D5CEF424C1471900C6B104 /* Info.plist */ = {isa = PBXFileReference; lastKnownFileType = text.plist.xml; path = Info.plist; sourceTree = "<group>"; };
/* End PBXFileReference section */

/* Begin PBXFrameworksBuildPhase section */
		F4D5CEDD24C1471600C6B104 /* Frameworks */ = {
			isa = PBXFrameworksBuildPhase;
			buildActionMask = 2147483647;
			files = (
			);
			runOnlyForDeploymentPostprocessing = 0;
		};
/* End PBXFrameworksBuildPhase section */

/* Begin PBXGroup section */
		4BDCB7DE24C1874B00C6A6B6 /* CoreData */ = {
			isa = PBXGroup;
			children = (
				4BDCB7DF24C1B9B900C6A6B6 /* Sekolah.swift */,
				4BDCB7F224C44AFA00C6A6B6 /* Fonik.swift */,
				4BDCB7F624C44C6D00C6A6B6 /* Soal.swift */,
				4BDCB7F424C44BBE00C6A6B6 /* SusunKata.swift */,
				4BDCB7F024C42CB100C6A6B6 /* Kelas.swift */,
			);
			path = CoreData;
			sourceTree = "<group>";
		};
		4BDCB7E924C220F400C6A6B6 /* SusunKata */ = {
			isa = PBXGroup;
			children = (
				4BDCB7E724C2209800C6A6B6 /* SusunKataView.swift */,
			);
			path = SusunKata;
			sourceTree = "<group>";
		};
		4BDCB7EA24C2210B00C6A6B6 /* Fonik */ = {
			isa = PBXGroup;
			children = (
				4BDCB7E524C21F0500C6A6B6 /* FonikView.swift */,
				4BDCB7EE24C3517E00C6A6B6 /* AlfabetScrollView.swift */,
			);
			path = Fonik;
			sourceTree = "<group>";
		};
		4BDCB7EB24C2211A00C6A6B6 /* Progresif */ = {
			isa = PBXGroup;
			children = (
				F424197724CE84BB000F1CA4 /* Kuis */,
				F4D5CEEA24C1471600C6B104 /* ProgresifView.swift */,
			);
			path = Progresif;
			sourceTree = "<group>";
		};
		F424197724CE84BB000F1CA4 /* Kuis */ = {
			isa = PBXGroup;
			children = (
				F4C2C86424C69E8000FAB092 /* KuisView.swift */,
				F424197824CE84D3000F1CA4 /* SoalKuis.swift */,
			);
			path = Kuis;
			sourceTree = "<group>";
		};
		F4C2C86624C6A1A600FAB092 /* CreateML */ = {
			isa = PBXGroup;
			children = (
				F4C2C86724C6A21600FAB092 /* MC3-SoundClassifier 2.mlmodel */,
				F4C2C86924C6A2CD00FAB092 /* SoundClassification.swift */,
				F4C2C86B24C9473800FAB092 /* ResultsObserver.swift */,
				F4C2C86D24C9493C00FAB092 /* SoundClassifierDelegate.swift */,
			);
			path = CreateML;
			sourceTree = "<group>";
		};
		F4D5CED724C1471600C6B104 = {
			isa = PBXGroup;
			children = (
				F4D5CEE224C1471600C6B104 /* MC3-SwiftUI */,
				F4D5CEE124C1471600C6B104 /* Products */,
			);
			sourceTree = "<group>";
		};
		F4D5CEE124C1471600C6B104 /* Products */ = {
			isa = PBXGroup;
			children = (
				F4D5CEE024C1471600C6B104 /* MC3-SwiftUI.app */,
			);
			name = Products;
			sourceTree = "<group>";
		};
		F4D5CEE224C1471600C6B104 /* MC3-SwiftUI */ = {
			isa = PBXGroup;
			children = (
				F4C2C86624C6A1A600FAB092 /* CreateML */,
				4BDCB7DE24C1874B00C6A6B6 /* CoreData */,
				F4D5CEE324C1471600C6B104 /* AppDelegate.swift */,
				F4D5CEE524C1471600C6B104 /* SceneDelegate.swift */,
				4BDCB7E324C21D1800C6A6B6 /* contentRoot.swift */,
				4BDCB7E924C220F400C6A6B6 /* SusunKata */,
				4BDCB7EA24C2210B00C6A6B6 /* Fonik */,
				4BDCB7EB24C2211A00C6A6B6 /* Progresif */,
				4BDCB7E124C1F50F00C6A6B6 /* pageDetail.swift */,
				F4D5CEEC24C1471900C6B104 /* Assets.xcassets */,
				F4D5CEF124C1471900C6B104 /* LaunchScreen.storyboard */,
				F4D5CEF424C1471900C6B104 /* Info.plist */,
				F4D5CEE724C1471600C6B104 /* MC3_SwiftUI.xcdatamodeld */,
				F4D5CEEE24C1471900C6B104 /* Preview Content */,
			);
			path = "MC3-SwiftUI";
			sourceTree = "<group>";
		};
		F4D5CEEE24C1471900C6B104 /* Preview Content */ = {
			isa = PBXGroup;
			children = (
				F4D5CEEF24C1471900C6B104 /* Preview Assets.xcassets */,
			);
			path = "Preview Content";
			sourceTree = "<group>";
		};
/* End PBXGroup section */

/* Begin PBXNativeTarget section */
		F4D5CEDF24C1471600C6B104 /* MC3-SwiftUI */ = {
			isa = PBXNativeTarget;
			buildConfigurationList = F4D5CEF724C1471900C6B104 /* Build configuration list for PBXNativeTarget "MC3-SwiftUI" */;
			buildPhases = (
				F4D5CEDC24C1471600C6B104 /* Sources */,
				F4D5CEDD24C1471600C6B104 /* Frameworks */,
				F4D5CEDE24C1471600C6B104 /* Resources */,
			);
			buildRules = (
			);
			dependencies = (
			);
			name = "MC3-SwiftUI";
			productName = "MC3-SwiftUI";
			productReference = F4D5CEE024C1471600C6B104 /* MC3-SwiftUI.app */;
			productType = "com.apple.product-type.application";
		};
/* End PBXNativeTarget section */

/* Begin PBXProject section */
		F4D5CED824C1471600C6B104 /* Project object */ = {
			isa = PBXProject;
			attributes = {
				LastSwiftUpdateCheck = 1150;
				LastUpgradeCheck = 1150;
				ORGANIZATIONNAME = Poppy;
				TargetAttributes = {
					F4D5CEDF24C1471600C6B104 = {
						CreatedOnToolsVersion = 11.5;
					};
				};
			};
			buildConfigurationList = F4D5CEDB24C1471600C6B104 /* Build configuration list for PBXProject "MC3-SwiftUI" */;
			compatibilityVersion = "Xcode 9.3";
			developmentRegion = en;
			hasScannedForEncodings = 0;
			knownRegions = (
				en,
				Base,
			);
			mainGroup = F4D5CED724C1471600C6B104;
			productRefGroup = F4D5CEE124C1471600C6B104 /* Products */;
			projectDirPath = "";
			projectRoot = "";
			targets = (
				F4D5CEDF24C1471600C6B104 /* MC3-SwiftUI */,
			);
		};
/* End PBXProject section */

/* Begin PBXResourcesBuildPhase section */
		F4D5CEDE24C1471600C6B104 /* Resources */ = {
			isa = PBXResourcesBuildPhase;
			buildActionMask = 2147483647;
			files = (
				F4D5CEF324C1471900C6B104 /* LaunchScreen.storyboard in Resources */,
				F4D5CEF024C1471900C6B104 /* Preview Assets.xcassets in Resources */,
				F4D5CEED24C1471900C6B104 /* Assets.xcassets in Resources */,
			);
			runOnlyForDeploymentPostprocessing = 0;
		};
/* End PBXResourcesBuildPhase section */

/* Begin PBXSourcesBuildPhase section */
		F4D5CEDC24C1471600C6B104 /* Sources */ = {
			isa = PBXSourcesBuildPhase;
			buildActionMask = 2147483647;
			files = (
				F424197924CE84D3000F1CA4 /* SoalKuis.swift in Sources */,
				4BDCB7EF24C3517E00C6A6B6 /* AlfabetScrollView.swift in Sources */,
				F4D5CEE424C1471600C6B104 /* AppDelegate.swift in Sources */,
				4BDCB7E224C1F50F00C6A6B6 /* pageDetail.swift in Sources */,
				F4C2C86524C69E8000FAB092 /* KuisView.swift in Sources */,
				4BDCB7E824C2209800C6A6B6 /* SusunKataView.swift in Sources */,
				F4C2C86E24C9493C00FAB092 /* SoundClassifierDelegate.swift in Sources */,
				F4C2C86A24C6A2CD00FAB092 /* SoundClassification.swift in Sources */,
				F4C2C86824C6A21600FAB092 /* MC3-SoundClassifier 2.mlmodel in Sources */,
				4BDCB7F524C44BBE00C6A6B6 /* SusunKata.swift in Sources */,
				4BDCB7E624C21F0500C6A6B6 /* FonikView.swift in Sources */,
				4BDCB7F124C42CB100C6A6B6 /* Kelas.swift in Sources */,
				F4C2C86C24C9473800FAB092 /* ResultsObserver.swift in Sources */,
				F4D5CEE624C1471600C6B104 /* SceneDelegate.swift in Sources */,
				4BDCB7F724C44C6D00C6A6B6 /* Soal.swift in Sources */,
				F4D5CEEB24C1471600C6B104 /* ProgresifView.swift in Sources */,
				4BDCB7E024C1B9B900C6A6B6 /* Sekolah.swift in Sources */,
				F4D5CEE924C1471600C6B104 /* MC3_SwiftUI.xcdatamodeld in Sources */,
				4BDCB7F324C44AFA00C6A6B6 /* Fonik.swift in Sources */,
				4BDCB7E424C21D1800C6A6B6 /* contentRoot.swift in Sources */,
			);
			runOnlyForDeploymentPostprocessing = 0;
		};
/* End PBXSourcesBuildPhase section */

/* Begin PBXVariantGroup section */
		F4D5CEF124C1471900C6B104 /* LaunchScreen.storyboard */ = {
			isa = PBXVariantGroup;
			children = (
				F4D5CEF224C1471900C6B104 /* Base */,
			);
			name = LaunchScreen.storyboard;
			sourceTree = "<group>";
		};
/* End PBXVariantGroup section */

/* Begin XCBuildConfiguration section */
		F4D5CEF524C1471900C6B104 /* Debug */ = {
			isa = XCBuildConfiguration;
			buildSettings = {
				ALWAYS_SEARCH_USER_PATHS = NO;
				CLANG_ANALYZER_NONNULL = YES;
				CLANG_ANALYZER_NUMBER_OBJECT_CONVERSION = YES_AGGRESSIVE;
				CLANG_CXX_LANGUAGE_STANDARD = "gnu++14";
				CLANG_CXX_LIBRARY = "libc++";
				CLANG_ENABLE_MODULES = YES;
				CLANG_ENABLE_OBJC_ARC = YES;
				CLANG_ENABLE_OBJC_WEAK = YES;
				CLANG_WARN_BLOCK_CAPTURE_AUTORELEASING = YES;
				CLANG_WARN_BOOL_CONVERSION = YES;
				CLANG_WARN_COMMA = YES;
				CLANG_WARN_CONSTANT_CONVERSION = YES;
				CLANG_WARN_DEPRECATED_OBJC_IMPLEMENTATIONS = YES;
				CLANG_WARN_DIRECT_OBJC_ISA_USAGE = YES_ERROR;
				CLANG_WARN_DOCUMENTATION_COMMENTS = YES;
				CLANG_WARN_EMPTY_BODY = YES;
				CLANG_WARN_ENUM_CONVERSION = YES;
				CLANG_WARN_INFINITE_RECURSION = YES;
				CLANG_WARN_INT_CONVERSION = YES;
				CLANG_WARN_NON_LITERAL_NULL_CONVERSION = YES;
				CLANG_WARN_OBJC_IMPLICIT_RETAIN_SELF = YES;
				CLANG_WARN_OBJC_LITERAL_CONVERSION = YES;
				CLANG_WARN_OBJC_ROOT_CLASS = YES_ERROR;
				CLANG_WARN_RANGE_LOOP_ANALYSIS = YES;
				CLANG_WARN_STRICT_PROTOTYPES = YES;
				CLANG_WARN_SUSPICIOUS_MOVE = YES;
				CLANG_WARN_UNGUARDED_AVAILABILITY = YES_AGGRESSIVE;
				CLANG_WARN_UNREACHABLE_CODE = YES;
				CLANG_WARN__DUPLICATE_METHOD_MATCH = YES;
				COPY_PHASE_STRIP = NO;
				DEBUG_INFORMATION_FORMAT = dwarf;
				ENABLE_STRICT_OBJC_MSGSEND = YES;
				ENABLE_TESTABILITY = YES;
				GCC_C_LANGUAGE_STANDARD = gnu11;
				GCC_DYNAMIC_NO_PIC = NO;
				GCC_NO_COMMON_BLOCKS = YES;
				GCC_OPTIMIZATION_LEVEL = 0;
				GCC_PREPROCESSOR_DEFINITIONS = (
					"DEBUG=1",
					"$(inherited)",
				);
				GCC_WARN_64_TO_32_BIT_CONVERSION = YES;
				GCC_WARN_ABOUT_RETURN_TYPE = YES_ERROR;
				GCC_WARN_UNDECLARED_SELECTOR = YES;
				GCC_WARN_UNINITIALIZED_AUTOS = YES_AGGRESSIVE;
				GCC_WARN_UNUSED_FUNCTION = YES;
				GCC_WARN_UNUSED_VARIABLE = YES;
				IPHONEOS_DEPLOYMENT_TARGET = 13.5;
				MTL_ENABLE_DEBUG_INFO = INCLUDE_SOURCE;
				MTL_FAST_MATH = YES;
				ONLY_ACTIVE_ARCH = YES;
				SDKROOT = iphoneos;
				SWIFT_ACTIVE_COMPILATION_CONDITIONS = DEBUG;
				SWIFT_OPTIMIZATION_LEVEL = "-Onone";
			};
			name = Debug;
		};
		F4D5CEF624C1471900C6B104 /* Release */ = {
			isa = XCBuildConfiguration;
			buildSettings = {
				ALWAYS_SEARCH_USER_PATHS = NO;
				CLANG_ANALYZER_NONNULL = YES;
				CLANG_ANALYZER_NUMBER_OBJECT_CONVERSION = YES_AGGRESSIVE;
				CLANG_CXX_LANGUAGE_STANDARD = "gnu++14";
				CLANG_CXX_LIBRARY = "libc++";
				CLANG_ENABLE_MODULES = YES;
				CLANG_ENABLE_OBJC_ARC = YES;
				CLANG_ENABLE_OBJC_WEAK = YES;
				CLANG_WARN_BLOCK_CAPTURE_AUTORELEASING = YES;
				CLANG_WARN_BOOL_CONVERSION = YES;
				CLANG_WARN_COMMA = YES;
				CLANG_WARN_CONSTANT_CONVERSION = YES;
				CLANG_WARN_DEPRECATED_OBJC_IMPLEMENTATIONS = YES;
				CLANG_WARN_DIRECT_OBJC_ISA_USAGE = YES_ERROR;
				CLANG_WARN_DOCUMENTATION_COMMENTS = YES;
				CLANG_WARN_EMPTY_BODY = YES;
				CLANG_WARN_ENUM_CONVERSION = YES;
				CLANG_WARN_INFINITE_RECURSION = YES;
				CLANG_WARN_INT_CONVERSION = YES;
				CLANG_WARN_NON_LITERAL_NULL_CONVERSION = YES;
				CLANG_WARN_OBJC_IMPLICIT_RETAIN_SELF = YES;
				CLANG_WARN_OBJC_LITERAL_CONVERSION = YES;
				CLANG_WARN_OBJC_ROOT_CLASS = YES_ERROR;
				CLANG_WARN_RANGE_LOOP_ANALYSIS = YES;
				CLANG_WARN_STRICT_PROTOTYPES = YES;
				CLANG_WARN_SUSPICIOUS_MOVE = YES;
				CLANG_WARN_UNGUARDED_AVAILABILITY = YES_AGGRESSIVE;
				CLANG_WARN_UNREACHABLE_CODE = YES;
				CLANG_WARN__DUPLICATE_METHOD_MATCH = YES;
				COPY_PHASE_STRIP = NO;
				DEBUG_INFORMATION_FORMAT = "dwarf-with-dsym";
				ENABLE_NS_ASSERTIONS = NO;
				ENABLE_STRICT_OBJC_MSGSEND = YES;
				GCC_C_LANGUAGE_STANDARD = gnu11;
				GCC_NO_COMMON_BLOCKS = YES;
				GCC_WARN_64_TO_32_BIT_CONVERSION = YES;
				GCC_WARN_ABOUT_RETURN_TYPE = YES_ERROR;
				GCC_WARN_UNDECLARED_SELECTOR = YES;
				GCC_WARN_UNINITIALIZED_AUTOS = YES_AGGRESSIVE;
				GCC_WARN_UNUSED_FUNCTION = YES;
				GCC_WARN_UNUSED_VARIABLE = YES;
				IPHONEOS_DEPLOYMENT_TARGET = 13.5;
				MTL_ENABLE_DEBUG_INFO = NO;
				MTL_FAST_MATH = YES;
				SDKROOT = iphoneos;
				SWIFT_COMPILATION_MODE = wholemodule;
				SWIFT_OPTIMIZATION_LEVEL = "-O";
				VALIDATE_PRODUCT = YES;
			};
			name = Release;
		};
		F4D5CEF824C1471900C6B104 /* Debug */ = {
			isa = XCBuildConfiguration;
			buildSettings = {
				ASSETCATALOG_COMPILER_APPICON_NAME = AppIcon;
				CODE_SIGN_STYLE = Automatic;
				DEVELOPMENT_ASSET_PATHS = "\"MC3-SwiftUI/Preview Content\"";
				DEVELOPMENT_TEAM = 7LUWAU8N83;
				ENABLE_PREVIEWS = YES;
				INFOPLIST_FILE = "MC3-SwiftUI/Info.plist";
				LD_RUNPATH_SEARCH_PATHS = (
					"$(inherited)",
					"@executable_path/Frameworks",
				);
				PRODUCT_BUNDLE_IDENTIFIER = "com.poppy.MC3-SwiftUI";
				PRODUCT_NAME = "$(TARGET_NAME)";
				SWIFT_VERSION = 5.0;
				TARGETED_DEVICE_FAMILY = 2;
			};
			name = Debug;
		};
		F4D5CEF924C1471900C6B104 /* Release */ = {
			isa = XCBuildConfiguration;
			buildSettings = {
				ASSETCATALOG_COMPILER_APPICON_NAME = AppIcon;
				CODE_SIGN_STYLE = Automatic;
				DEVELOPMENT_ASSET_PATHS = "\"MC3-SwiftUI/Preview Content\"";
				DEVELOPMENT_TEAM = 7LUWAU8N83;
				ENABLE_PREVIEWS = YES;
				INFOPLIST_FILE = "MC3-SwiftUI/Info.plist";
				LD_RUNPATH_SEARCH_PATHS = (
					"$(inherited)",
					"@executable_path/Frameworks",
				);
				PRODUCT_BUNDLE_IDENTIFIER = "com.poppy.MC3-SwiftUI";
				PRODUCT_NAME = "$(TARGET_NAME)";
				SWIFT_VERSION = 5.0;
				TARGETED_DEVICE_FAMILY = 2;
			};
			name = Release;
		};
/* End XCBuildConfiguration section */

/* Begin XCConfigurationList section */
		F4D5CEDB24C1471600C6B104 /* Build configuration list for PBXProject "MC3-SwiftUI" */ = {
			isa = XCConfigurationList;
			buildConfigurations = (
				F4D5CEF524C1471900C6B104 /* Debug */,
				F4D5CEF624C1471900C6B104 /* Release */,
			);
			defaultConfigurationIsVisible = 0;
			defaultConfigurationName = Release;
		};
		F4D5CEF724C1471900C6B104 /* Build configuration list for PBXNativeTarget "MC3-SwiftUI" */ = {
			isa = XCConfigurationList;
			buildConfigurations = (
				F4D5CEF824C1471900C6B104 /* Debug */,
				F4D5CEF924C1471900C6B104 /* Release */,
			);
			defaultConfigurationIsVisible = 0;
			defaultConfigurationName = Release;
		};
/* End XCConfigurationList section */

/* Begin XCVersionGroup section */
		F4D5CEE724C1471600C6B104 /* MC3_SwiftUI.xcdatamodeld */ = {
			isa = XCVersionGroup;
			children = (
				F4D5CEE824C1471600C6B104 /* MC3_SwiftUI.xcdatamodel */,
			);
			currentVersion = F4D5CEE824C1471600C6B104 /* MC3_SwiftUI.xcdatamodel */;
			path = MC3_SwiftUI.xcdatamodeld;
			sourceTree = "<group>";
			versionGroupType = wrapper.xcdatamodel;
		};
/* End XCVersionGroup section */
	};
	rootObject = F4D5CED824C1471600C6B104 /* Project object */;
}
